// !$*UTF8*$!
{
	archiveVersion = 1;
	classes = {
	};
	objectVersion = 55;
	objects = {

/* Begin PBXBuildFile section */
		BAFDA01A27D4C92C00B321B6 /* WeightTrendApp.swift in Sources */ = {isa = PBXBuildFile; fileRef = BAFDA01927D4C92C00B321B6 /* WeightTrendApp.swift */; };
		BAFDA01C27D4C92C00B321B6 /* ContentView.swift in Sources */ = {isa = PBXBuildFile; fileRef = BAFDA01B27D4C92C00B321B6 /* ContentView.swift */; };
		BAFDA01E27D4C92E00B321B6 /* Assets.xcassets in Resources */ = {isa = PBXBuildFile; fileRef = BAFDA01D27D4C92E00B321B6 /* Assets.xcassets */; };
		BAFDA02127D4C92E00B321B6 /* Preview Assets.xcassets in Resources */ = {isa = PBXBuildFile; fileRef = BAFDA02027D4C92E00B321B6 /* Preview Assets.xcassets */; };
		BAFDA02C27D4CC5600B321B6 /* Assets.xcassets in Resources */ = {isa = PBXBuildFile; fileRef = BAFDA02B27D4CC5600B321B6 /* Assets.xcassets */; };
		BAFDA03227D4CC5700B321B6 /* WatchTrend WatchKit Extension.appex in Embed App Extensions */ = {isa = PBXBuildFile; fileRef = BAFDA03127D4CC5700B321B6 /* WatchTrend WatchKit Extension.appex */; settings = {ATTRIBUTES = (RemoveHeadersOnCopy, ); }; };
		BAFDA03727D4CC5700B321B6 /* WeightTrendApp.swift in Sources */ = {isa = PBXBuildFile; fileRef = BAFDA03627D4CC5700B321B6 /* WeightTrendApp.swift */; };
		BAFDA03927D4CC5700B321B6 /* ContentView.swift in Sources */ = {isa = PBXBuildFile; fileRef = BAFDA03827D4CC5700B321B6 /* ContentView.swift */; };
		BAFDA03B27D4CC5700B321B6 /* NotificationController.swift in Sources */ = {isa = PBXBuildFile; fileRef = BAFDA03A27D4CC5700B321B6 /* NotificationController.swift */; };
		BAFDA03D27D4CC5700B321B6 /* NotificationView.swift in Sources */ = {isa = PBXBuildFile; fileRef = BAFDA03C27D4CC5700B321B6 /* NotificationView.swift */; };
		BAFDA03F27D4CC5700B321B6 /* ComplicationController.swift in Sources */ = {isa = PBXBuildFile; fileRef = BAFDA03E27D4CC5700B321B6 /* ComplicationController.swift */; };
		BAFDA04127D4CC5700B321B6 /* Assets.xcassets in Resources */ = {isa = PBXBuildFile; fileRef = BAFDA04027D4CC5700B321B6 /* Assets.xcassets */; };
		BAFDA04427D4CC5700B321B6 /* Preview Assets.xcassets in Resources */ = {isa = PBXBuildFile; fileRef = BAFDA04327D4CC5700B321B6 /* Preview Assets.xcassets */; };
		BAFDA04927D4CC5700B321B6 /* WatchTrend.app in Embed Watch Content */ = {isa = PBXBuildFile; fileRef = BAFDA02927D4CC5500B321B6 /* WatchTrend.app */; settings = {ATTRIBUTES = (RemoveHeadersOnCopy, ); }; };
/* End PBXBuildFile section */

/* Begin PBXContainerItemProxy section */
		BAFDA03327D4CC5700B321B6 /* PBXContainerItemProxy */ = {
			isa = PBXContainerItemProxy;
			containerPortal = BAFDA00E27D4C92C00B321B6 /* Project object */;
			proxyType = 1;
			remoteGlobalIDString = BAFDA03027D4CC5700B321B6;
			remoteInfo = "WatchTrend WatchKit Extension";
		};
		BAFDA04727D4CC5700B321B6 /* PBXContainerItemProxy */ = {
			isa = PBXContainerItemProxy;
			containerPortal = BAFDA00E27D4C92C00B321B6 /* Project object */;
			proxyType = 1;
			remoteGlobalIDString = BAFDA02827D4CC5500B321B6;
			remoteInfo = WatchTrend;
		};
/* End PBXContainerItemProxy section */

/* Begin PBXCopyFilesBuildPhase section */
		BAFDA04D27D4CC5700B321B6 /* Embed App Extensions */ = {
			isa = PBXCopyFilesBuildPhase;
			buildActionMask = 2147483647;
			dstPath = "";
			dstSubfolderSpec = 13;
			files = (
				BAFDA03227D4CC5700B321B6 /* WatchTrend WatchKit Extension.appex in Embed App Extensions */,
			);
			name = "Embed App Extensions";
			runOnlyForDeploymentPostprocessing = 0;
		};
		BAFDA05127D4CC5700B321B6 /* Embed Watch Content */ = {
			isa = PBXCopyFilesBuildPhase;
			buildActionMask = 2147483647;
			dstPath = "$(CONTENTS_FOLDER_PATH)/Watch";
			dstSubfolderSpec = 16;
			files = (
				BAFDA04927D4CC5700B321B6 /* WatchTrend.app in Embed Watch Content */,
			);
			name = "Embed Watch Content";
			runOnlyForDeploymentPostprocessing = 0;
		};
/* End PBXCopyFilesBuildPhase section */

/* Begin PBXFileReference section */
		BAFDA01627D4C92C00B321B6 /* WeightTrend.app */ = {isa = PBXFileReference; explicitFileType = wrapper.application; includeInIndex = 0; path = WeightTrend.app; sourceTree = BUILT_PRODUCTS_DIR; };
		BAFDA01927D4C92C00B321B6 /* WeightTrendApp.swift */ = {isa = PBXFileReference; lastKnownFileType = sourcecode.swift; path = WeightTrendApp.swift; sourceTree = "<group>"; };
		BAFDA01B27D4C92C00B321B6 /* ContentView.swift */ = {isa = PBXFileReference; lastKnownFileType = sourcecode.swift; path = ContentView.swift; sourceTree = "<group>"; };
		BAFDA01D27D4C92E00B321B6 /* Assets.xcassets */ = {isa = PBXFileReference; lastKnownFileType = folder.assetcatalog; path = Assets.xcassets; sourceTree = "<group>"; };
		BAFDA02027D4C92E00B321B6 /* Preview Assets.xcassets */ = {isa = PBXFileReference; lastKnownFileType = folder.assetcatalog; path = "Preview Assets.xcassets"; sourceTree = "<group>"; };
		BAFDA02927D4CC5500B321B6 /* WatchTrend.app */ = {isa = PBXFileReference; explicitFileType = wrapper.application; includeInIndex = 0; path = WatchTrend.app; sourceTree = BUILT_PRODUCTS_DIR; };
		BAFDA02B27D4CC5600B321B6 /* Assets.xcassets */ = {isa = PBXFileReference; lastKnownFileType = folder.assetcatalog; path = Assets.xcassets; sourceTree = "<group>"; };
		BAFDA03127D4CC5700B321B6 /* WatchTrend WatchKit Extension.appex */ = {isa = PBXFileReference; explicitFileType = "wrapper.app-extension"; includeInIndex = 0; path = "WatchTrend WatchKit Extension.appex"; sourceTree = BUILT_PRODUCTS_DIR; };
		BAFDA03627D4CC5700B321B6 /* WeightTrendApp.swift */ = {isa = PBXFileReference; lastKnownFileType = sourcecode.swift; path = WeightTrendApp.swift; sourceTree = "<group>"; };
		BAFDA03827D4CC5700B321B6 /* ContentView.swift */ = {isa = PBXFileReference; lastKnownFileType = sourcecode.swift; path = ContentView.swift; sourceTree = "<group>"; };
		BAFDA03A27D4CC5700B321B6 /* NotificationController.swift */ = {isa = PBXFileReference; lastKnownFileType = sourcecode.swift; path = NotificationController.swift; sourceTree = "<group>"; };
		BAFDA03C27D4CC5700B321B6 /* NotificationView.swift */ = {isa = PBXFileReference; lastKnownFileType = sourcecode.swift; path = NotificationView.swift; sourceTree = "<group>"; };
		BAFDA03E27D4CC5700B321B6 /* ComplicationController.swift */ = {isa = PBXFileReference; lastKnownFileType = sourcecode.swift; path = ComplicationController.swift; sourceTree = "<group>"; };
		BAFDA04027D4CC5700B321B6 /* Assets.xcassets */ = {isa = PBXFileReference; lastKnownFileType = folder.assetcatalog; path = Assets.xcassets; sourceTree = "<group>"; };
		BAFDA04327D4CC5700B321B6 /* Preview Assets.xcassets */ = {isa = PBXFileReference; lastKnownFileType = folder.assetcatalog; path = "Preview Assets.xcassets"; sourceTree = "<group>"; };
		BAFDA04527D4CC5700B321B6 /* Info.plist */ = {isa = PBXFileReference; lastKnownFileType = text.plist.xml; path = Info.plist; sourceTree = "<group>"; };
		BAFDA04627D4CC5700B321B6 /* PushNotificationPayload.apns */ = {isa = PBXFileReference; lastKnownFileType = text; path = PushNotificationPayload.apns; sourceTree = "<group>"; };
/* End PBXFileReference section */

/* Begin PBXFrameworksBuildPhase section */
		BAFDA01327D4C92C00B321B6 /* Frameworks */ = {
			isa = PBXFrameworksBuildPhase;
			buildActionMask = 2147483647;
			files = (
			);
			runOnlyForDeploymentPostprocessing = 0;
		};
		BAFDA02E27D4CC5700B321B6 /* Frameworks */ = {
			isa = PBXFrameworksBuildPhase;
			buildActionMask = 2147483647;
			files = (
			);
			runOnlyForDeploymentPostprocessing = 0;
		};
/* End PBXFrameworksBuildPhase section */

/* Begin PBXGroup section */
		BAFDA00D27D4C92C00B321B6 = {
			isa = PBXGroup;
			children = (
				BAFDA01827D4C92C00B321B6 /* WeightTrend */,
				BAFDA02A27D4CC5500B321B6 /* WatchTrend */,
				BAFDA03527D4CC5700B321B6 /* WatchTrend WatchKit Extension */,
				BAFDA01727D4C92C00B321B6 /* Products */,
			);
			sourceTree = "<group>";
		};
		BAFDA01727D4C92C00B321B6 /* Products */ = {
			isa = PBXGroup;
			children = (
				BAFDA01627D4C92C00B321B6 /* WeightTrend.app */,
				BAFDA02927D4CC5500B321B6 /* WatchTrend.app */,
				BAFDA03127D4CC5700B321B6 /* WatchTrend WatchKit Extension.appex */,
			);
			name = Products;
			sourceTree = "<group>";
		};
		BAFDA01827D4C92C00B321B6 /* WeightTrend */ = {
			isa = PBXGroup;
			children = (
				BAFDA01927D4C92C00B321B6 /* WeightTrendApp.swift */,
				BAFDA01B27D4C92C00B321B6 /* ContentView.swift */,
				BAFDA01D27D4C92E00B321B6 /* Assets.xcassets */,
				BAFDA01F27D4C92E00B321B6 /* Preview Content */,
			);
			path = WeightTrend;
			sourceTree = "<group>";
		};
		BAFDA01F27D4C92E00B321B6 /* Preview Content */ = {
			isa = PBXGroup;
			children = (
				BAFDA02027D4C92E00B321B6 /* Preview Assets.xcassets */,
			);
			path = "Preview Content";
			sourceTree = "<group>";
		};
		BAFDA02A27D4CC5500B321B6 /* WatchTrend */ = {
			isa = PBXGroup;
			children = (
				BAFDA02B27D4CC5600B321B6 /* Assets.xcassets */,
			);
			path = WatchTrend;
			sourceTree = "<group>";
		};
		BAFDA03527D4CC5700B321B6 /* WatchTrend WatchKit Extension */ = {
			isa = PBXGroup;
			children = (
				BAFDA03627D4CC5700B321B6 /* WeightTrendApp.swift */,
				BAFDA03827D4CC5700B321B6 /* ContentView.swift */,
				BAFDA03A27D4CC5700B321B6 /* NotificationController.swift */,
				BAFDA03C27D4CC5700B321B6 /* NotificationView.swift */,
				BAFDA03E27D4CC5700B321B6 /* ComplicationController.swift */,
				BAFDA04027D4CC5700B321B6 /* Assets.xcassets */,
				BAFDA04527D4CC5700B321B6 /* Info.plist */,
				BAFDA04627D4CC5700B321B6 /* PushNotificationPayload.apns */,
				BAFDA04227D4CC5700B321B6 /* Preview Content */,
			);
			path = "WatchTrend WatchKit Extension";
			sourceTree = "<group>";
		};
		BAFDA04227D4CC5700B321B6 /* Preview Content */ = {
			isa = PBXGroup;
			children = (
				BAFDA04327D4CC5700B321B6 /* Preview Assets.xcassets */,
			);
			path = "Preview Content";
			sourceTree = "<group>";
		};
/* End PBXGroup section */

/* Begin PBXNativeTarget section */
		BAFDA01527D4C92C00B321B6 /* WeightTrend */ = {
			isa = PBXNativeTarget;
			buildConfigurationList = BAFDA02427D4C92E00B321B6 /* Build configuration list for PBXNativeTarget "WeightTrend" */;
			buildPhases = (
				BAFDA01227D4C92C00B321B6 /* Sources */,
				BAFDA01327D4C92C00B321B6 /* Frameworks */,
				BAFDA01427D4C92C00B321B6 /* Resources */,
				BAFDA05127D4CC5700B321B6 /* Embed Watch Content */,
			);
			buildRules = (
			);
			dependencies = (
				BAFDA04827D4CC5700B321B6 /* PBXTargetDependency */,
			);
			name = WeightTrend;
			productName = WeightTrend;
			productReference = BAFDA01627D4C92C00B321B6 /* WeightTrend.app */;
			productType = "com.apple.product-type.application";
		};
		BAFDA02827D4CC5500B321B6 /* WatchTrend */ = {
			isa = PBXNativeTarget;
			buildConfigurationList = BAFDA04E27D4CC5700B321B6 /* Build configuration list for PBXNativeTarget "WatchTrend" */;
			buildPhases = (
				BAFDA02727D4CC5500B321B6 /* Resources */,
				BAFDA04D27D4CC5700B321B6 /* Embed App Extensions */,
			);
			buildRules = (
			);
			dependencies = (
				BAFDA03427D4CC5700B321B6 /* PBXTargetDependency */,
			);
			name = WatchTrend;
			productName = WatchTrend;
			productReference = BAFDA02927D4CC5500B321B6 /* WatchTrend.app */;
			productType = "com.apple.product-type.application.watchapp2";
		};
		BAFDA03027D4CC5700B321B6 /* WatchTrend WatchKit Extension */ = {
			isa = PBXNativeTarget;
			buildConfigurationList = BAFDA04A27D4CC5700B321B6 /* Build configuration list for PBXNativeTarget "WatchTrend WatchKit Extension" */;
			buildPhases = (
				BAFDA02D27D4CC5700B321B6 /* Sources */,
				BAFDA02E27D4CC5700B321B6 /* Frameworks */,
				BAFDA02F27D4CC5700B321B6 /* Resources */,
			);
			buildRules = (
			);
			dependencies = (
			);
			name = "WatchTrend WatchKit Extension";
			productName = "WatchTrend WatchKit Extension";
			productReference = BAFDA03127D4CC5700B321B6 /* WatchTrend WatchKit Extension.appex */;
			productType = "com.apple.product-type.watchkit2-extension";
		};
/* End PBXNativeTarget section */

/* Begin PBXProject section */
		BAFDA00E27D4C92C00B321B6 /* Project object */ = {
			isa = PBXProject;
			attributes = {
				BuildIndependentTargetsInParallel = 1;
				LastSwiftUpdateCheck = 1320;
				LastUpgradeCheck = 1320;
				TargetAttributes = {
					BAFDA01527D4C92C00B321B6 = {
						CreatedOnToolsVersion = 13.2.1;
					};
					BAFDA02827D4CC5500B321B6 = {
						CreatedOnToolsVersion = 13.2.1;
					};
					BAFDA03027D4CC5700B321B6 = {
						CreatedOnToolsVersion = 13.2.1;
					};
				};
			};
			buildConfigurationList = BAFDA01127D4C92C00B321B6 /* Build configuration list for PBXProject "WeightTrend" */;
			compatibilityVersion = "Xcode 13.0";
			developmentRegion = en;
			hasScannedForEncodings = 0;
			knownRegions = (
				en,
				Base,
			);
			mainGroup = BAFDA00D27D4C92C00B321B6;
			productRefGroup = BAFDA01727D4C92C00B321B6 /* Products */;
			projectDirPath = "";
			projectRoot = "";
			targets = (
				BAFDA01527D4C92C00B321B6 /* WeightTrend */,
				BAFDA02827D4CC5500B321B6 /* WatchTrend */,
				BAFDA03027D4CC5700B321B6 /* WatchTrend WatchKit Extension */,
			);
		};
/* End PBXProject section */

/* Begin PBXResourcesBuildPhase section */
		BAFDA01427D4C92C00B321B6 /* Resources */ = {
			isa = PBXResourcesBuildPhase;
			buildActionMask = 2147483647;
			files = (
				BAFDA02127D4C92E00B321B6 /* Preview Assets.xcassets in Resources */,
				BAFDA01E27D4C92E00B321B6 /* Assets.xcassets in Resources */,
			);
			runOnlyForDeploymentPostprocessing = 0;
		};
		BAFDA02727D4CC5500B321B6 /* Resources */ = {
			isa = PBXResourcesBuildPhase;
			buildActionMask = 2147483647;
			files = (
				BAFDA02C27D4CC5600B321B6 /* Assets.xcassets in Resources */,
			);
			runOnlyForDeploymentPostprocessing = 0;
		};
		BAFDA02F27D4CC5700B321B6 /* Resources */ = {
			isa = PBXResourcesBuildPhase;
			buildActionMask = 2147483647;
			files = (
				BAFDA04427D4CC5700B321B6 /* Preview Assets.xcassets in Resources */,
				BAFDA04127D4CC5700B321B6 /* Assets.xcassets in Resources */,
			);
			runOnlyForDeploymentPostprocessing = 0;
		};
/* End PBXResourcesBuildPhase section */

/* Begin PBXSourcesBuildPhase section */
		BAFDA01227D4C92C00B321B6 /* Sources */ = {
			isa = PBXSourcesBuildPhase;
			buildActionMask = 2147483647;
			files = (
				BAFDA01C27D4C92C00B321B6 /* ContentView.swift in Sources */,
				BAFDA01A27D4C92C00B321B6 /* WeightTrendApp.swift in Sources */,
			);
			runOnlyForDeploymentPostprocessing = 0;
		};
		BAFDA02D27D4CC5700B321B6 /* Sources */ = {
			isa = PBXSourcesBuildPhase;
			buildActionMask = 2147483647;
			files = (
				BAFDA03B27D4CC5700B321B6 /* NotificationController.swift in Sources */,
				BAFDA03927D4CC5700B321B6 /* ContentView.swift in Sources */,
				BAFDA03F27D4CC5700B321B6 /* ComplicationController.swift in Sources */,
				BAFDA03727D4CC5700B321B6 /* WeightTrendApp.swift in Sources */,
				BAFDA03D27D4CC5700B321B6 /* NotificationView.swift in Sources */,
			);
			runOnlyForDeploymentPostprocessing = 0;
		};
/* End PBXSourcesBuildPhase section */

/* Begin PBXTargetDependency section */
		BAFDA03427D4CC5700B321B6 /* PBXTargetDependency */ = {
			isa = PBXTargetDependency;
			target = BAFDA03027D4CC5700B321B6 /* WatchTrend WatchKit Extension */;
			targetProxy = BAFDA03327D4CC5700B321B6 /* PBXContainerItemProxy */;
		};
		BAFDA04827D4CC5700B321B6 /* PBXTargetDependency */ = {
			isa = PBXTargetDependency;
			target = BAFDA02827D4CC5500B321B6 /* WatchTrend */;
			targetProxy = BAFDA04727D4CC5700B321B6 /* PBXContainerItemProxy */;
		};
/* End PBXTargetDependency section */

/* Begin XCBuildConfiguration section */
		BAFDA02227D4C92E00B321B6 /* Debug */ = {
			isa = XCBuildConfiguration;
			buildSettings = {
				ALWAYS_SEARCH_USER_PATHS = NO;
				CLANG_ANALYZER_NONNULL = YES;
				CLANG_ANALYZER_NUMBER_OBJECT_CONVERSION = YES_AGGRESSIVE;
				CLANG_CXX_LANGUAGE_STANDARD = "gnu++17";
				CLANG_CXX_LIBRARY = "libc++";
				CLANG_ENABLE_MODULES = YES;
				CLANG_ENABLE_OBJC_ARC = YES;
				CLANG_ENABLE_OBJC_WEAK = YES;
				CLANG_WARN_BLOCK_CAPTURE_AUTORELEASING = YES;
				CLANG_WARN_BOOL_CONVERSION = YES;
				CLANG_WARN_COMMA = YES;
				CLANG_WARN_CONSTANT_CONVERSION = YES;
				CLANG_WARN_DEPRECATED_OBJC_IMPLEMENTATIONS = YES;
				CLANG_WARN_DIRECT_OBJC_ISA_USAGE = YES_ERROR;
				CLANG_WARN_DOCUMENTATION_COMMENTS = YES;
				CLANG_WARN_EMPTY_BODY = YES;
				CLANG_WARN_ENUM_CONVERSION = YES;
				CLANG_WARN_INFINITE_RECURSION = YES;
				CLANG_WARN_INT_CONVERSION = YES;
				CLANG_WARN_NON_LITERAL_NULL_CONVERSION = YES;
				CLANG_WARN_OBJC_IMPLICIT_RETAIN_SELF = YES;
				CLANG_WARN_OBJC_LITERAL_CONVERSION = YES;
				CLANG_WARN_OBJC_ROOT_CLASS = YES_ERROR;
				CLANG_WARN_QUOTED_INCLUDE_IN_FRAMEWORK_HEADER = YES;
				CLANG_WARN_RANGE_LOOP_ANALYSIS = YES;
				CLANG_WARN_STRICT_PROTOTYPES = YES;
				CLANG_WARN_SUSPICIOUS_MOVE = YES;
				CLANG_WARN_UNGUARDED_AVAILABILITY = YES_AGGRESSIVE;
				CLANG_WARN_UNREACHABLE_CODE = YES;
				CLANG_WARN__DUPLICATE_METHOD_MATCH = YES;
				COPY_PHASE_STRIP = NO;
				DEBUG_INFORMATION_FORMAT = dwarf;
				ENABLE_STRICT_OBJC_MSGSEND = YES;
				ENABLE_TESTABILITY = YES;
				GCC_C_LANGUAGE_STANDARD = gnu11;
				GCC_DYNAMIC_NO_PIC = NO;
				GCC_NO_COMMON_BLOCKS = YES;
				GCC_OPTIMIZATION_LEVEL = 0;
				GCC_PREPROCESSOR_DEFINITIONS = (
					"DEBUG=1",
					"$(inherited)",
				);
				GCC_WARN_64_TO_32_BIT_CONVERSION = YES;
				GCC_WARN_ABOUT_RETURN_TYPE = YES_ERROR;
				GCC_WARN_UNDECLARED_SELECTOR = YES;
				GCC_WARN_UNINITIALIZED_AUTOS = YES_AGGRESSIVE;
				GCC_WARN_UNUSED_FUNCTION = YES;
				GCC_WARN_UNUSED_VARIABLE = YES;
				IPHONEOS_DEPLOYMENT_TARGET = 15.2;
				MTL_ENABLE_DEBUG_INFO = INCLUDE_SOURCE;
				MTL_FAST_MATH = YES;
				ONLY_ACTIVE_ARCH = YES;
				SDKROOT = iphoneos;
				SWIFT_ACTIVE_COMPILATION_CONDITIONS = DEBUG;
				SWIFT_OPTIMIZATION_LEVEL = "-Onone";
			};
			name = Debug;
		};
		BAFDA02327D4C92E00B321B6 /* Release */ = {
			isa = XCBuildConfiguration;
			buildSettings = {
				ALWAYS_SEARCH_USER_PATHS = NO;
				CLANG_ANALYZER_NONNULL = YES;
				CLANG_ANALYZER_NUMBER_OBJECT_CONVERSION = YES_AGGRESSIVE;
				CLANG_CXX_LANGUAGE_STANDARD = "gnu++17";
				CLANG_CXX_LIBRARY = "libc++";
				CLANG_ENABLE_MODULES = YES;
				CLANG_ENABLE_OBJC_ARC = YES;
				CLANG_ENABLE_OBJC_WEAK = YES;
				CLANG_WARN_BLOCK_CAPTURE_AUTORELEASING = YES;
				CLANG_WARN_BOOL_CONVERSION = YES;
				CLANG_WARN_COMMA = YES;
				CLANG_WARN_CONSTANT_CONVERSION = YES;
				CLANG_WARN_DEPRECATED_OBJC_IMPLEMENTATIONS = YES;
				CLANG_WARN_DIRECT_OBJC_ISA_USAGE = YES_ERROR;
				CLANG_WARN_DOCUMENTATION_COMMENTS = YES;
				CLANG_WARN_EMPTY_BODY = YES;
				CLANG_WARN_ENUM_CONVERSION = YES;
				CLANG_WARN_INFINITE_RECURSION = YES;
				CLANG_WARN_INT_CONVERSION = YES;
				CLANG_WARN_NON_LITERAL_NULL_CONVERSION = YES;
				CLANG_WARN_OBJC_IMPLICIT_RETAIN_SELF = YES;
				CLANG_WARN_OBJC_LITERAL_CONVERSION = YES;
				CLANG_WARN_OBJC_ROOT_CLASS = YES_ERROR;
				CLANG_WARN_QUOTED_INCLUDE_IN_FRAMEWORK_HEADER = YES;
				CLANG_WARN_RANGE_LOOP_ANALYSIS = YES;
				CLANG_WARN_STRICT_PROTOTYPES = YES;
				CLANG_WARN_SUSPICIOUS_MOVE = YES;
				CLANG_WARN_UNGUARDED_AVAILABILITY = YES_AGGRESSIVE;
				CLANG_WARN_UNREACHABLE_CODE = YES;
				CLANG_WARN__DUPLICATE_METHOD_MATCH = YES;
				COPY_PHASE_STRIP = NO;
				DEBUG_INFORMATION_FORMAT = "dwarf-with-dsym";
				ENABLE_NS_ASSERTIONS = NO;
				ENABLE_STRICT_OBJC_MSGSEND = YES;
				GCC_C_LANGUAGE_STANDARD = gnu11;
				GCC_NO_COMMON_BLOCKS = YES;
				GCC_WARN_64_TO_32_BIT_CONVERSION = YES;
				GCC_WARN_ABOUT_RETURN_TYPE = YES_ERROR;
				GCC_WARN_UNDECLARED_SELECTOR = YES;
				GCC_WARN_UNINITIALIZED_AUTOS = YES_AGGRESSIVE;
				GCC_WARN_UNUSED_FUNCTION = YES;
				GCC_WARN_UNUSED_VARIABLE = YES;
				IPHONEOS_DEPLOYMENT_TARGET = 15.2;
				MTL_ENABLE_DEBUG_INFO = NO;
				MTL_FAST_MATH = YES;
				SDKROOT = iphoneos;
				SWIFT_COMPILATION_MODE = wholemodule;
				SWIFT_OPTIMIZATION_LEVEL = "-O";
				VALIDATE_PRODUCT = YES;
			};
			name = Release;
		};
		BAFDA02527D4C92E00B321B6 /* Debug */ = {
			isa = XCBuildConfiguration;
			buildSettings = {
				ASSETCATALOG_COMPILER_APPICON_NAME = AppIcon;
				ASSETCATALOG_COMPILER_GLOBAL_ACCENT_COLOR_NAME = AccentColor;
				CODE_SIGN_STYLE = Automatic;
				CURRENT_PROJECT_VERSION = 1;
				DEVELOPMENT_ASSET_PATHS = "\"WeightTrend/Preview Content\"";
				DEVELOPMENT_TEAM = P4XYP9WP44;
				ENABLE_PREVIEWS = YES;
				GENERATE_INFOPLIST_FILE = YES;
				INFOPLIST_KEY_UIApplicationSceneManifest_Generation = YES;
				INFOPLIST_KEY_UIApplicationSupportsIndirectInputEvents = YES;
				INFOPLIST_KEY_UILaunchScreen_Generation = YES;
				INFOPLIST_KEY_UISupportedInterfaceOrientations_iPad = "UIInterfaceOrientationPortrait UIInterfaceOrientationPortraitUpsideDown UIInterfaceOrientationLandscapeLeft UIInterfaceOrientationLandscapeRight";
				INFOPLIST_KEY_UISupportedInterfaceOrientations_iPhone = "UIInterfaceOrientationPortrait UIInterfaceOrientationLandscapeLeft UIInterfaceOrientationLandscapeRight";
				LD_RUNPATH_SEARCH_PATHS = (
					"$(inherited)",
					"@executable_path/Frameworks",
				);
				MARKETING_VERSION = 1.0;
				PRODUCT_BUNDLE_IDENTIFIER = com.mikslatvis.WeightTrend;
				PRODUCT_NAME = "$(TARGET_NAME)";
				SWIFT_EMIT_LOC_STRINGS = YES;
				SWIFT_VERSION = 5.0;
				TARGETED_DEVICE_FAMILY = "1,2";
			};
			name = Debug;
		};
		BAFDA02627D4C92E00B321B6 /* Release */ = {
			isa = XCBuildConfiguration;
			buildSettings = {
				ASSETCATALOG_COMPILER_APPICON_NAME = AppIcon;
				ASSETCATALOG_COMPILER_GLOBAL_ACCENT_COLOR_NAME = AccentColor;
				CODE_SIGN_STYLE = Automatic;
				CURRENT_PROJECT_VERSION = 1;
				DEVELOPMENT_ASSET_PATHS = "\"WeightTrend/Preview Content\"";
				DEVELOPMENT_TEAM = P4XYP9WP44;
				ENABLE_PREVIEWS = YES;
				GENERATE_INFOPLIST_FILE = YES;
				INFOPLIST_KEY_UIApplicationSceneManifest_Generation = YES;
				INFOPLIST_KEY_UIApplicationSupportsIndirectInputEvents = YES;
				INFOPLIST_KEY_UILaunchScreen_Generation = YES;
				INFOPLIST_KEY_UISupportedInterfaceOrientations_iPad = "UIInterfaceOrientationPortrait UIInterfaceOrientationPortraitUpsideDown UIInterfaceOrientationLandscapeLeft UIInterfaceOrientationLandscapeRight";
				INFOPLIST_KEY_UISupportedInterfaceOrientations_iPhone = "UIInterfaceOrientationPortrait UIInterfaceOrientationLandscapeLeft UIInterfaceOrientationLandscapeRight";
				LD_RUNPATH_SEARCH_PATHS = (
					"$(inherited)",
					"@executable_path/Frameworks",
				);
				MARKETING_VERSION = 1.0;
				PRODUCT_BUNDLE_IDENTIFIER = com.mikslatvis.WeightTrend;
				PRODUCT_NAME = "$(TARGET_NAME)";
				SWIFT_EMIT_LOC_STRINGS = YES;
				SWIFT_VERSION = 5.0;
				TARGETED_DEVICE_FAMILY = "1,2";
			};
			name = Release;
		};
		BAFDA04B27D4CC5700B321B6 /* Debug */ = {
			isa = XCBuildConfiguration;
			buildSettings = {
				ASSETCATALOG_COMPILER_COMPLICATION_NAME = Complication;
				CODE_SIGN_STYLE = Automatic;
				CURRENT_PROJECT_VERSION = 1;
				DEVELOPMENT_ASSET_PATHS = "\"WatchTrend WatchKit Extension/Preview Content\"";
				DEVELOPMENT_TEAM = P4XYP9WP44;
				ENABLE_PREVIEWS = YES;
				GENERATE_INFOPLIST_FILE = YES;
				INFOPLIST_FILE = "WatchTrend WatchKit Extension/Info.plist";
				INFOPLIST_KEY_CFBundleDisplayName = "WatchTrend WatchKit Extension";
				INFOPLIST_KEY_CLKComplicationPrincipalClass = "$(PRODUCT_MODULE_NAME).ComplicationController";
				INFOPLIST_KEY_NSHumanReadableCopyright = "";
				LD_RUNPATH_SEARCH_PATHS = (
					"$(inherited)",
					"@executable_path/Frameworks",
					"@executable_path/../../Frameworks",
				);
				MARKETING_VERSION = 1.0;
				PRODUCT_BUNDLE_IDENTIFIER = com.mikslatvis.WeightTrend.watchkitapp.watchkitextension;
				PRODUCT_NAME = "${TARGET_NAME}";
				SDKROOT = watchos;
				SKIP_INSTALL = YES;
				SWIFT_EMIT_LOC_STRINGS = YES;
				SWIFT_VERSION = 5.0;
				TARGETED_DEVICE_FAMILY = 4;
				WATCHOS_DEPLOYMENT_TARGET = 8.3;
			};
			name = Debug;
		};
		BAFDA04C27D4CC5700B321B6 /* Release */ = {
			isa = XCBuildConfiguration;
			buildSettings = {
				ASSETCATALOG_COMPILER_COMPLICATION_NAME = Complication;
				CODE_SIGN_STYLE = Automatic;
				CURRENT_PROJECT_VERSION = 1;
				DEVELOPMENT_ASSET_PATHS = "\"WatchTrend WatchKit Extension/Preview Content\"";
				DEVELOPMENT_TEAM = P4XYP9WP44;
				ENABLE_PREVIEWS = YES;
				GENERATE_INFOPLIST_FILE = YES;
				INFOPLIST_FILE = "WatchTrend WatchKit Extension/Info.plist";
				INFOPLIST_KEY_CFBundleDisplayName = "WatchTrend WatchKit Extension";
				INFOPLIST_KEY_CLKComplicationPrincipalClass = "$(PRODUCT_MODULE_NAME).ComplicationController";
				INFOPLIST_KEY_NSHumanReadableCopyright = "";
				LD_RUNPATH_SEARCH_PATHS = (
					"$(inherited)",
					"@executable_path/Frameworks",
					"@executable_path/../../Frameworks",
				);
				MARKETING_VERSION = 1.0;
				PRODUCT_BUNDLE_IDENTIFIER = com.mikslatvis.WeightTrend.watchkitapp.watchkitextension;
				PRODUCT_NAME = "${TARGET_NAME}";
				SDKROOT = watchos;
				SKIP_INSTALL = YES;
				SWIFT_EMIT_LOC_STRINGS = YES;
				SWIFT_VERSION = 5.0;
				TARGETED_DEVICE_FAMILY = 4;
				WATCHOS_DEPLOYMENT_TARGET = 8.3;
			};
			name = Release;
		};
		BAFDA04F27D4CC5700B321B6 /* Debug */ = {
			isa = XCBuildConfiguration;
			buildSettings = {
				ALWAYS_EMBED_SWIFT_STANDARD_LIBRARIES = YES;
				ASSETCATALOG_COMPILER_APPICON_NAME = AppIcon;
				ASSETCATALOG_COMPILER_GLOBAL_ACCENT_COLOR_NAME = AccentColor;
				CODE_SIGN_STYLE = Automatic;
				CURRENT_PROJECT_VERSION = 1;
				DEVELOPMENT_TEAM = P4XYP9WP44;
				GENERATE_INFOPLIST_FILE = YES;
				IBSC_MODULE = WatchTrend_WatchKit_Extension;
				INFOPLIST_KEY_CFBundleDisplayName = WatchTrend;
				INFOPLIST_KEY_UISupportedInterfaceOrientations = "UIInterfaceOrientationPortrait UIInterfaceOrientationPortraitUpsideDown";
				INFOPLIST_KEY_WKCompanionAppBundleIdentifier = com.mikslatvis.WeightTrend;
				MARKETING_VERSION = 1.0;
				PRODUCT_BUNDLE_IDENTIFIER = com.mikslatvis.WeightTrend.watchkitapp;
				PRODUCT_NAME = "$(TARGET_NAME)";
				SDKROOT = watchos;
				SKIP_INSTALL = YES;
				SWIFT_EMIT_LOC_STRINGS = YES;
				SWIFT_VERSION = 5.0;
				TARGETED_DEVICE_FAMILY = 4;
				WATCHOS_DEPLOYMENT_TARGET = 8.3;
			};
			name = Debug;
		};
		BAFDA05027D4CC5700B321B6 /* Release */ = {
			isa = XCBuildConfiguration;
			buildSettings = {
				ALWAYS_EMBED_SWIFT_STANDARD_LIBRARIES = YES;
				ASSETCATALOG_COMPILER_APPICON_NAME = AppIcon;
				ASSETCATALOG_COMPILER_GLOBAL_ACCENT_COLOR_NAME = AccentColor;
				CODE_SIGN_STYLE = Automatic;
				CURRENT_PROJECT_VERSION = 1;
				DEVELOPMENT_TEAM = P4XYP9WP44;
				GENERATE_INFOPLIST_FILE = YES;
				IBSC_MODULE = WatchTrend_WatchKit_Extension;
				INFOPLIST_KEY_CFBundleDisplayName = WatchTrend;
				INFOPLIST_KEY_UISupportedInterfaceOrientations = "UIInterfaceOrientationPortrait UIInterfaceOrientationPortraitUpsideDown";
				INFOPLIST_KEY_WKCompanionAppBundleIdentifier = com.mikslatvis.WeightTrend;
				MARKETING_VERSION = 1.0;
				PRODUCT_BUNDLE_IDENTIFIER = com.mikslatvis.WeightTrend.watchkitapp;
				PRODUCT_NAME = "$(TARGET_NAME)";
				SDKROOT = watchos;
				SKIP_INSTALL = YES;
				SWIFT_EMIT_LOC_STRINGS = YES;
				SWIFT_VERSION = 5.0;
				TARGETED_DEVICE_FAMILY = 4;
				WATCHOS_DEPLOYMENT_TARGET = 8.3;
			};
			name = Release;
		};
/* End XCBuildConfiguration section */

/* Begin XCConfigurationList section */
		BAFDA01127D4C92C00B321B6 /* Build configuration list for PBXProject "WeightTrend" */ = {
			isa = XCConfigurationList;
			buildConfigurations = (
				BAFDA02227D4C92E00B321B6 /* Debug */,
				BAFDA02327D4C92E00B321B6 /* Release */,
			);
			defaultConfigurationIsVisible = 0;
			defaultConfigurationName = Release;
		};
		BAFDA02427D4C92E00B321B6 /* Build configuration list for PBXNativeTarget "WeightTrend" */ = {
			isa = XCConfigurationList;
			buildConfigurations = (
				BAFDA02527D4C92E00B321B6 /* Debug */,
				BAFDA02627D4C92E00B321B6 /* Release */,
			);
			defaultConfigurationIsVisible = 0;
			defaultConfigurationName = Release;
		};
		BAFDA04A27D4CC5700B321B6 /* Build configuration list for PBXNativeTarget "WatchTrend WatchKit Extension" */ = {
			isa = XCConfigurationList;
			buildConfigurations = (
				BAFDA04B27D4CC5700B321B6 /* Debug */,
				BAFDA04C27D4CC5700B321B6 /* Release */,
			);
			defaultConfigurationIsVisible = 0;
			defaultConfigurationName = Release;
		};
		BAFDA04E27D4CC5700B321B6 /* Build configuration list for PBXNativeTarget "WatchTrend" */ = {
			isa = XCConfigurationList;
			buildConfigurations = (
				BAFDA04F27D4CC5700B321B6 /* Debug */,
				BAFDA05027D4CC5700B321B6 /* Release */,
			);
			defaultConfigurationIsVisible = 0;
			defaultConfigurationName = Release;
		};
/* End XCConfigurationList section */
	};
	rootObject = BAFDA00E27D4C92C00B321B6 /* Project object */;
}
